
Microsoft Visual Studio Solution File, Format Version 12.00
# Visual Studio Version 17
VisualStudioVersion = 17.10.35122.118
MinimumVisualStudioVersion = 10.0.40219.1
Project("{9A19103F-16F7-4668-BE54-9A1E7A4F7556}") = "WebAPI", "WebAPI\WebAPI.csproj", "{68443CDB-E20F-428B-B294-8D72B7237E4C}"
EndProject
Project("{9A19103F-16F7-4668-BE54-9A1E7A4F7556}") = "UnitOfWork.Core", "UnitOfWork.Core\UnitOfWork.Core.csproj", "{D967BE39-54CB-4B2D-865F-B92A3190C4C0}"
EndProject
Project("{9A19103F-16F7-4668-BE54-9A1E7A4F7556}") = "UnitOfWork.Infrastructure", "UnitOfWork.Infrastructure\UnitOfWork.Infrastructure.csproj", "{B989F4B7-9ECA-4AFC-B5FF-E93450F779AD}"
EndProject
Project("{9A19103F-16F7-4668-BE54-9A1E7A4F7556}") = "UnitOfWork.Services", "UnitOfWork.Services\UnitOfWork.Services.csproj", "{70771C8C-CC68-46FD-AF9B-FC830E1D03B7}"
EndProject
Project("{E53339B2-1760-4266-BCC7-CA923CBCF16C}") = "docker-compose", "docker-compose.dcproj", "{C3234D4D-A3FD-4715-8E23-873D76AE76B2}"
EndProject
Global
	GlobalSection(SolutionConfigurationPlatforms) = preSolution
		Debug|Any CPU = Debug|Any CPU
		Release|Any CPU = Release|Any CPU
	EndGlobalSection
	GlobalSection(ProjectConfigurationPlatforms) = postSolution
		{68443CDB-E20F-428B-B294-8D72B7237E4C}.Debug|Any CPU.ActiveCfg = Debug|Any CPU
		{68443CDB-E20F-428B-B294-8D72B7237E4C}.Debug|Any CPU.Build.0 = Debug|Any CPU
		{68443CDB-E20F-428B-B294-8D72B7237E4C}.Release|Any CPU.ActiveCfg = Release|Any CPU
		{68443CDB-E20F-428B-B294-8D72B7237E4C}.Release|Any CPU.Build.0 = Release|Any CPU
		{D967BE39-54CB-4B2D-865F-B92A3190C4C0}.Debug|Any CPU.ActiveCfg = Debug|Any CPU
		{D967BE39-54CB-4B2D-865F-B92A3190C4C0}.Debug|Any CPU.Build.0 = Debug|Any CPU
		{D967BE39-54CB-4B2D-865F-B92A3190C4C0}.Release|Any CPU.ActiveCfg = Release|Any CPU
		{D967BE39-54CB-4B2D-865F-B92A3190C4C0}.Release|Any CPU.Build.0 = Release|Any CPU
		{B989F4B7-9ECA-4AFC-B5FF-E93450F779AD}.Debug|Any CPU.ActiveCfg = Debug|Any CPU
		{B989F4B7-9ECA-4AFC-B5FF-E93450F779AD}.Debug|Any CPU.Build.0 = Debug|Any CPU
		{B989F4B7-9ECA-4AFC-B5FF-E93450F779AD}.Release|Any CPU.ActiveCfg = Release|Any CPU
		{B989F4B7-9ECA-4AFC-B5FF-E93450F779AD}.Release|Any CPU.Build.0 = Release|Any CPU
		{70771C8C-CC68-46FD-AF9B-FC830E1D03B7}.Debug|Any CPU.ActiveCfg = Debug|Any CPU
		{70771C8C-CC68-46FD-AF9B-FC830E1D03B7}.Debug|Any CPU.Build.0 = Debug|Any CPU
		{70771C8C-CC68-46FD-AF9B-FC830E1D03B7}.Release|Any CPU.ActiveCfg = Release|Any CPU
		{70771C8C-CC68-46FD-AF9B-FC830E1D03B7}.Release|Any CPU.Build.0 = Release|Any CPU
		{C3234D4D-A3FD-4715-8E23-873D76AE76B2}.Debug|Any CPU.ActiveCfg = Debug|Any CPU
		{C3234D4D-A3FD-4715-8E23-873D76AE76B2}.Debug|Any CPU.Build.0 = Debug|Any CPU
		{C3234D4D-A3FD-4715-8E23-873D76AE76B2}.Release|Any CPU.ActiveCfg = Release|Any CPU
		{C3234D4D-A3FD-4715-8E23-873D76AE76B2}.Release|Any CPU.Build.0 = Release|Any CPU
	EndGlobalSection
	GlobalSection(SolutionProperties) = preSolution
		HideSolutionNode = FALSE
	EndGlobalSection
	GlobalSection(ExtensibilityGlobals) = postSolution
		SolutionGuid = {C79A3D08-8729-403F-B37A-E133BEDDE9B4}
	EndGlobalSection
EndGlobal
